
Microsoft Visual Studio Solution File, Format Version 12.00
# Visual Studio Version 17
VisualStudioVersion = 17.10.35122.118
MinimumVisualStudioVersion = 10.0.40219.1
Project("{FAE04EC0-301F-11D3-BF4B-00C04F79EFBC}") = "SeatReservationSystem2", "SeatReservationSystem2\SeatReservationSystem2.csproj", "{E70E9B97-A63A-46CB-A461-F5D66B7B8113}"
EndProject
Global
	GlobalSection(SolutionConfigurationPlatforms) = preSolution
		Debug|Any CPU = Debug|Any CPU
		Release|Any CPU = Release|Any CPU
	EndGlobalSection
	GlobalSection(ProjectConfigurationPlatforms) = postSolution
		{E70E9B97-A63A-46CB-A461-F5D66B7B8113}.Debug|Any CPU.ActiveCfg = Debug|Any CPU
		{E70E9B97-A63A-46CB-A461-F5D66B7B8113}.Debug|Any CPU.Build.0 = Debug|Any CPU
		{E70E9B97-A63A-46CB-A461-F5D66B7B8113}.Release|Any CPU.ActiveCfg = Release|Any CPU
		{E70E9B97-A63A-46CB-A461-F5D66B7B8113}.Release|Any CPU.Build.0 = Release|Any CPU
	EndGlobalSection
	GlobalSection(SolutionProperties) = preSolution
		HideSolutionNode = FALSE
	EndGlobalSection
	GlobalSection(ExtensibilityGlobals) = postSolution
		SolutionGuid = {BDB7D6B5-0046-4588-BE00-5C8371AD9B8D}
	EndGlobalSection
EndGlobal
